
Microsoft Visual Studio Solution File, Format Version 12.00
# Visual Studio Version 17
VisualStudioVersion = 17.10.35027.167
MinimumVisualStudioVersion = 10.0.40219.1
Project("{9A19103F-16F7-4668-BE54-9A1E7A4F7556}") = "Kingdoms.Domain", "Kingdoms.Domain\Kingdoms.Domain.csproj", "{4D7F708A-2610-419F-9EA2-C3B39D48A695}"
EndProject
Project("{9A19103F-16F7-4668-BE54-9A1E7A4F7556}") = "Kingdoms.Application", "Kingdoms.Application\Kingdoms.Application.csproj", "{D1B1C382-F92B-4783-9F7C-D741BC217769}"
EndProject
Project("{9A19103F-16F7-4668-BE54-9A1E7A4F7556}") = "Kingdoms.Infrastructure", "Kingdoms.Infrastructure\Kingdoms.Infrastructure.csproj", "{3420762C-3FFA-470A-AE19-63EE8C520D1C}"
EndProject
Project("{9A19103F-16F7-4668-BE54-9A1E7A4F7556}") = "Kingdoms", "Kingdoms\Kingdoms.csproj", "{B73C52F0-1536-4D60-8EC3-26C335738738}"
EndProject
Global
	GlobalSection(SolutionConfigurationPlatforms) = preSolution
		Debug|Any CPU = Debug|Any CPU
		Release|Any CPU = Release|Any CPU
	EndGlobalSection
	GlobalSection(ProjectConfigurationPlatforms) = postSolution
		{4D7F708A-2610-419F-9EA2-C3B39D48A695}.Debug|Any CPU.ActiveCfg = Debug|Any CPU
		{4D7F708A-2610-419F-9EA2-C3B39D48A695}.Debug|Any CPU.Build.0 = Debug|Any CPU
		{4D7F708A-2610-419F-9EA2-C3B39D48A695}.Release|Any CPU.ActiveCfg = Release|Any CPU
		{4D7F708A-2610-419F-9EA2-C3B39D48A695}.Release|Any CPU.Build.0 = Release|Any CPU
		{D1B1C382-F92B-4783-9F7C-D741BC217769}.Debug|Any CPU.ActiveCfg = Debug|Any CPU
		{D1B1C382-F92B-4783-9F7C-D741BC217769}.Debug|Any CPU.Build.0 = Debug|Any CPU
		{D1B1C382-F92B-4783-9F7C-D741BC217769}.Release|Any CPU.ActiveCfg = Release|Any CPU
		{D1B1C382-F92B-4783-9F7C-D741BC217769}.Release|Any CPU.Build.0 = Release|Any CPU
		{3420762C-3FFA-470A-AE19-63EE8C520D1C}.Debug|Any CPU.ActiveCfg = Debug|Any CPU
		{3420762C-3FFA-470A-AE19-63EE8C520D1C}.Debug|Any CPU.Build.0 = Debug|Any CPU
		{3420762C-3FFA-470A-AE19-63EE8C520D1C}.Release|Any CPU.ActiveCfg = Release|Any CPU
		{3420762C-3FFA-470A-AE19-63EE8C520D1C}.Release|Any CPU.Build.0 = Release|Any CPU
		{B73C52F0-1536-4D60-8EC3-26C335738738}.Debug|Any CPU.ActiveCfg = Debug|Any CPU
		{B73C52F0-1536-4D60-8EC3-26C335738738}.Debug|Any CPU.Build.0 = Debug|Any CPU
		{B73C52F0-1536-4D60-8EC3-26C335738738}.Release|Any CPU.ActiveCfg = Release|Any CPU
		{B73C52F0-1536-4D60-8EC3-26C335738738}.Release|Any CPU.Build.0 = Release|Any CPU
	EndGlobalSection
	GlobalSection(SolutionProperties) = preSolution
		HideSolutionNode = FALSE
	EndGlobalSection
	GlobalSection(ExtensibilityGlobals) = postSolution
		SolutionGuid = {243F3559-605F-42D5-97AF-712F3866E508}
	EndGlobalSection
EndGlobal
